<?xml version="1.0" encoding="utf-8"?>
<Project ToolsVersion="4.0" xmlns="http://schemas.microsoft.com/developer/msbuild/2003">
  <ItemGroup>
    <ClInclude Include="D3D9Hook.h">
      <Filter>D3D9Hook</Filter>
    </ClInclude>
    <ClInclude Include="Memory.h">
      <Filter>Helpers</Filter>
    </ClInclude>
    <ClInclude Include="Mods.h">
      <Filter>D3D9Hook\Toggle</Filter>
    </ClInclude>
    <ClInclude Include="stdafx.h">
      <Filter>default</Filter>
    </ClInclude>
    <ClInclude Include="targetver.h">
      <Filter>default</Filter>
    </ClInclude>
    <ClInclude Include="imgui\imconfig.h">
      <Filter>D3D9Hook\imgui</Filter>
    </ClInclude>
    <ClInclude Include="imgui\imgui.h">
      <Filter>D3D9Hook\imgui</Filter>
    </ClInclude>
    <ClInclude Include="imgui\imgui_internal.h">
      <Filter>D3D9Hook\imgui</Filter>
    </ClInclude>
    <ClInclude Include="DInput8Hook.h">
      <Filter>D3D9Hook\DInput8Hook</Filter>
    </ClInclude>
    <ClInclude Include="imgui\dx9\imgui_impl_dx9.h">
      <Filter>D3D9Hook\imgui</Filter>
    </ClInclude>
    <ClInclude Include="imgui\imgui_user.h">
      <Filter>D3D9Hook\imgui</Filter>
    </ClInclude>
    <ClInclude Include="imgui_ext.h">
      <Filter>D3D9Hook\imgui</Filter>
    </ClInclude>
  </ItemGroup>
  <ItemGroup>
    <ClCompile Include="main.cpp" />
    <ClCompile Include="D3D9Hook.cpp">
      <Filter>D3D9Hook</Filter>
    </ClCompile>
    <ClCompile Include="Mods.cpp">
      <Filter>D3D9Hook\Toggle</Filter>
    </ClCompile>
    <ClCompile Include="Memory.cpp">
      <Filter>Helpers</Filter>
    </ClCompile>
    <ClCompile Include="stdafx.cpp">
      <Filter>default</Filter>
    </ClCompile>
    <ClCompile Include="imgui\imgui.cpp">
      <Filter>D3D9Hook\imgui</Filter>
    </ClCompile>
    <ClCompile Include="imgui\imgui_demo.cpp">
      <Filter>D3D9Hook\imgui</Filter>
    </ClCompile>
    <ClCompile Include="imgui\imgui_draw.cpp">
      <Filter>D3D9Hook\imgui</Filter>
    </ClCompile>
    <ClCompile Include="DInput8Hook.cpp">
      <Filter>D3D9Hook\DInput8Hook</Filter>
    </ClCompile>
    <ClCompile Include="imgui\dx9\imgui_impl_dx9.cpp">
      <Filter>D3D9Hook\imgui</Filter>
    </ClCompile>
    <ClCompile Include="imgui\imgui_user.cpp">
      <Filter>D3D9Hook\imgui</Filter>
    </ClCompile>
  </ItemGroup>
  <ItemGroup>
    <Filter Include="D3D9Hook">
      <UniqueIdentifier>{d828252d-5890-4a66-ab97-133d53c6f3e7}</UniqueIdentifier>
    </Filter>
    <Filter Include="D3D9Hook\Toggle">
      <UniqueIdentifier>{81ed320d-28d3-4fca-9d5c-974e1400119f}</UniqueIdentifier>
    </Filter>
    <Filter Include="default">
      <UniqueIdentifier>{dea0fb78-a8ea-4f81-8f01-cbf7bbe8ced1}</UniqueIdentifier>
    </Filter>
    <Filter Include="D3D9Hook\imgui">
      <UniqueIdentifier>{781621c3-2b2b-4035-869e-7e843858f024}</UniqueIdentifier>
    </Filter>
    <Filter Include="D3D9Hook\DInput8Hook">
      <UniqueIdentifier>{57411f28-00b1-4030-bb66-13e27a6c1e3b}</UniqueIdentifier>
    </Filter>
    <Filter Include="Helpers">
      <UniqueIdentifier>{556c61bc-759d-4ce9-b726-be679b8815d1}</UniqueIdentifier>
    </Filter>
  </ItemGroup>
</Project>